// !$*UTF8*$!
{
	archiveVersion = 1;
	classes = {
	};
	objectVersion = 50;
	objects = {

/* Begin PBXBuildFile section */
		36475B6E229B6AB300B582F9 /* RIODungeonViewModel.value in Resources */ = {isa = PBXBuildFile; fileRef = 36475B6D229B6AB300B582F9 /* RIODungeonViewModel.value */; };
		36475B71229B6AE900B582F9 /* RIODungeonViewModel.m in Sources */ = {isa = PBXBuildFile; fileRef = 36475B70229B6AE900B582F9 /* RIODungeonViewModel.m */; };
		36475B74229B6B0E00B582F9 /* RIODungeonSectionController.m in Sources */ = {isa = PBXBuildFile; fileRef = 36475B73229B6B0E00B582F9 /* RIODungeonSectionController.m */; };
		36475B77229B6B2700B582F9 /* RIODungeonCell.m in Sources */ = {isa = PBXBuildFile; fileRef = 36475B76229B6B2700B582F9 /* RIODungeonCell.m */; };
		36475B7A229B963C00B582F9 /* RIODungeonViewModel+IGListDiffable.m in Sources */ = {isa = PBXBuildFile; fileRef = 36475B79229B963C00B582F9 /* RIODungeonViewModel+IGListDiffable.m */; };
		36480A532287791F00C9D19F /* RIOCharacterPreviewViewModel+IGListDiffable.m in Sources */ = {isa = PBXBuildFile; fileRef = 36480A522287791F00C9D19F /* RIOCharacterPreviewViewModel+IGListDiffable.m */; };
		36BF9AA822889AE20009870E /* RIOCharacterHeaderSectionController.m in Sources */ = {isa = PBXBuildFile; fileRef = 36BF9AA722889AE20009870E /* RIOCharacterHeaderSectionController.m */; };
		36BF9AAD22889C150009870E /* RIOCharacterHeaderViewModel.m in Sources */ = {isa = PBXBuildFile; fileRef = 36BF9AAC22889C150009870E /* RIOCharacterHeaderViewModel.m */; };
		36BF9AB022889E420009870E /* RIOCharacterHeaderViewModel+IGListDiffable.m in Sources */ = {isa = PBXBuildFile; fileRef = 36BF9AAF22889E420009870E /* RIOCharacterHeaderViewModel+IGListDiffable.m */; };
		36BF9AB322889F4B0009870E /* RIOCharacterHeaderCell.m in Sources */ = {isa = PBXBuildFile; fileRef = 36BF9AB222889F4B0009870E /* RIOCharacterHeaderCell.m */; };
		36BF9AB62288AC7D0009870E /* UIView+Framing.m in Sources */ = {isa = PBXBuildFile; fileRef = 36BF9AB52288AC7D0009870E /* UIView+Framing.m */; };
		AC0A9AD321900965002BD60F /* RIOCharacterViewController.m in Sources */ = {isa = PBXBuildFile; fileRef = AC0A9AD221900965002BD60F /* RIOCharacterViewController.m */; };
		AC0CE031219E2FD400970B5E /* RIOMythicPlusBestRun.m in Sources */ = {isa = PBXBuildFile; fileRef = AC0CE02F219E2FD400970B5E /* RIOMythicPlusBestRun.m */; };
		AC16155F21A34547009770DF /* IGListKit.framework.dSYM in CopyFiles */ = {isa = PBXBuildFile; fileRef = AC16155E21A34547009770DF /* IGListKit.framework.dSYM */; };
		AC26DE2D21A34307000B17F2 /* IGListKit.framework in Frameworks */ = {isa = PBXBuildFile; fileRef = AC26DE2C21A34307000B17F2 /* IGListKit.framework */; };
		AC2EF19A218D861000C92D37 /* RIOCharacterService.m in Sources */ = {isa = PBXBuildFile; fileRef = AC2EF199218D861000C92D37 /* RIOCharacterService.m */; };
		AC2EF19F218F589100C92D37 /* RIOGuild.m in Sources */ = {isa = PBXBuildFile; fileRef = AC2EF19C218F589000C92D37 /* RIOGuild.m */; };
		AC2EF1A0218F589100C92D37 /* RIOCharacter.m in Sources */ = {isa = PBXBuildFile; fileRef = AC2EF19D218F589000C92D37 /* RIOCharacter.m */; };
		AC3F9F0F21882CF200679F1F /* AppDelegate.m in Sources */ = {isa = PBXBuildFile; fileRef = AC3F9F0E21882CF200679F1F /* AppDelegate.m */; };
		AC3F9F1721882CF200679F1F /* Assets.xcassets in Resources */ = {isa = PBXBuildFile; fileRef = AC3F9F1621882CF200679F1F /* Assets.xcassets */; };
		AC3F9F1A21882CF200679F1F /* LaunchScreen.storyboard in Resources */ = {isa = PBXBuildFile; fileRef = AC3F9F1821882CF200679F1F /* LaunchScreen.storyboard */; };
		AC3F9F1D21882CF300679F1F /* main.m in Sources */ = {isa = PBXBuildFile; fileRef = AC3F9F1C21882CF300679F1F /* main.m */; };
		AC3F9F2721882CF300679F1F /* RaiderIOTests.m in Sources */ = {isa = PBXBuildFile; fileRef = AC3F9F2621882CF300679F1F /* RaiderIOTests.m */; };
		ACA03C6A21899F0000BAA882 /* RIOCharacterPreviewViewModel.m in Sources */ = {isa = PBXBuildFile; fileRef = ACA03C6821899F0000BAA882 /* RIOCharacterPreviewViewModel.m */; };
		ACA03C6D2189A11B00BAA882 /* RIOCharacterPreviewSectionController.m in Sources */ = {isa = PBXBuildFile; fileRef = ACA03C6C2189A11B00BAA882 /* RIOCharacterPreviewSectionController.m */; };
		ACA03C702189A21700BAA882 /* RIOCharacterPreviewCell.m in Sources */ = {isa = PBXBuildFile; fileRef = ACA03C6F2189A21700BAA882 /* RIOCharacterPreviewCell.m */; };
		ACA03C732189A2A900BAA882 /* RIOCharacterPreviewViewModel+Layout.m in Sources */ = {isa = PBXBuildFile; fileRef = ACA03C722189A2A900BAA882 /* RIOCharacterPreviewViewModel+Layout.m */; };
		ACCAEF4721979249002F76C4 /* RIOCharacterID.value in Resources */ = {isa = PBXBuildFile; fileRef = ACCAEF4621979249002F76C4 /* RIOCharacterID.value */; };
		ACCAEF4A21979270002F76C4 /* RIOCharacterID.m in Sources */ = {isa = PBXBuildFile; fileRef = ACCAEF4821979270002F76C4 /* RIOCharacterID.m */; };
		ACCAEF4D219792A6002F76C4 /* RIOCharacterCache.m in Sources */ = {isa = PBXBuildFile; fileRef = ACCAEF4C219792A6002F76C4 /* RIOCharacterCache.m */; };
		ACCAEF5021979357002F76C4 /* RIOCollections.m in Sources */ = {isa = PBXBuildFile; fileRef = ACCAEF4F21979357002F76C4 /* RIOCollections.m */; };
		ACCAEF52219908F2002F76C4 /* RIOMythicPlusScores.value in Resources */ = {isa = PBXBuildFile; fileRef = ACCAEF51219908F2002F76C4 /* RIOMythicPlusScores.value */; };
		ACCAEF5521990925002F76C4 /* RIOMythicPlusScores.m in Sources */ = {isa = PBXBuildFile; fileRef = ACCAEF5421990925002F76C4 /* RIOMythicPlusScores.m */; };
		ACDE1ACC219B547D009D5556 /* RIOGuild.value in Resources */ = {isa = PBXBuildFile; fileRef = ACDE1ACB219B547D009D5556 /* RIOGuild.value */; };
		ACF60E8B2189991400E30606 /* RIOCharacterListViewController.m in Sources */ = {isa = PBXBuildFile; fileRef = ACF60E8A2189991400E30606 /* RIOCharacterListViewController.m */; };
		ACFF0D16219D451F008BDD02 /* RIOTextStackViewModel.value in Resources */ = {isa = PBXBuildFile; fileRef = ACFF0D15219D451F008BDD02 /* RIOTextStackViewModel.value */; };
		ACFF0D19219D4616008BDD02 /* RIOTextStackViewModel.m in Sources */ = {isa = PBXBuildFile; fileRef = ACFF0D17219D4616008BDD02 /* RIOTextStackViewModel.m */; };
		ACFF0D1C219D4654008BDD02 /* RIOTextStackView.m in Sources */ = {isa = PBXBuildFile; fileRef = ACFF0D1B219D4654008BDD02 /* RIOTextStackView.m */; };
		ACFF0D1F219D471D008BDD02 /* RIOTextStackViewModel+Layout.m in Sources */ = {isa = PBXBuildFile; fileRef = ACFF0D1E219D471D008BDD02 /* RIOTextStackViewModel+Layout.m */; };
		ACFF0D24219DE0E3008BDD02 /* RIOGeometry.m in Sources */ = {isa = PBXBuildFile; fileRef = ACFF0D23219DE0E3008BDD02 /* RIOGeometry.m */; };
/* End PBXBuildFile section */

/* Begin PBXContainerItemProxy section */
		AC3F9F2321882CF300679F1F /* PBXContainerItemProxy */ = {
			isa = PBXContainerItemProxy;
			containerPortal = AC3F9F0221882CF200679F1F /* Project object */;
			proxyType = 1;
			remoteGlobalIDString = AC3F9F0921882CF200679F1F;
			remoteInfo = RaiderIO;
		};
/* End PBXContainerItemProxy section */

/* Begin PBXCopyFilesBuildPhase section */
		AC16155921A344F2009770DF /* CopyFiles */ = {
			isa = PBXCopyFilesBuildPhase;
			buildActionMask = 2147483647;
			dstPath = "";
			dstSubfolderSpec = 16;
			files = (
				AC16155F21A34547009770DF /* IGListKit.framework.dSYM in CopyFiles */,
			);
			runOnlyForDeploymentPostprocessing = 0;
		};
		AC26DE2B21A3402F000B17F2 /* Embed Frameworks */ = {
			isa = PBXCopyFilesBuildPhase;
			buildActionMask = 2147483647;
			dstPath = "";
			dstSubfolderSpec = 10;
			files = (
			);
			name = "Embed Frameworks";
			runOnlyForDeploymentPostprocessing = 0;
		};
/* End PBXCopyFilesBuildPhase section */

/* Begin PBXFileReference section */
		36475B6D229B6AB300B582F9 /* RIODungeonViewModel.value */ = {isa = PBXFileReference; lastKnownFileType = text; path = RIODungeonViewModel.value; sourceTree = "<group>"; };
		36475B6F229B6AE800B582F9 /* RIODungeonViewModel.h */ = {isa = PBXFileReference; fileEncoding = 4; lastKnownFileType = sourcecode.c.h; path = RIODungeonViewModel.h; sourceTree = "<group>"; };
		36475B70229B6AE900B582F9 /* RIODungeonViewModel.m */ = {isa = PBXFileReference; fileEncoding = 4; lastKnownFileType = sourcecode.c.objc; path = RIODungeonViewModel.m; sourceTree = "<group>"; };
		36475B72229B6B0E00B582F9 /* RIODungeonSectionController.h */ = {isa = PBXFileReference; lastKnownFileType = sourcecode.c.h; path = RIODungeonSectionController.h; sourceTree = "<group>"; };
		36475B73229B6B0E00B582F9 /* RIODungeonSectionController.m */ = {isa = PBXFileReference; lastKnownFileType = sourcecode.c.objc; path = RIODungeonSectionController.m; sourceTree = "<group>"; };
		36475B75229B6B2700B582F9 /* RIODungeonCell.h */ = {isa = PBXFileReference; lastKnownFileType = sourcecode.c.h; path = RIODungeonCell.h; sourceTree = "<group>"; };
		36475B76229B6B2700B582F9 /* RIODungeonCell.m */ = {isa = PBXFileReference; lastKnownFileType = sourcecode.c.objc; path = RIODungeonCell.m; sourceTree = "<group>"; };
		36475B78229B963C00B582F9 /* RIODungeonViewModel+IGListDiffable.h */ = {isa = PBXFileReference; lastKnownFileType = sourcecode.c.h; path = "RIODungeonViewModel+IGListDiffable.h"; sourceTree = "<group>"; };
		36475B79229B963C00B582F9 /* RIODungeonViewModel+IGListDiffable.m */ = {isa = PBXFileReference; lastKnownFileType = sourcecode.c.objc; path = "RIODungeonViewModel+IGListDiffable.m"; sourceTree = "<group>"; };
		36480A512287791F00C9D19F /* RIOCharacterPreviewViewModel+IGListDiffable.h */ = {isa = PBXFileReference; lastKnownFileType = sourcecode.c.h; path = "RIOCharacterPreviewViewModel+IGListDiffable.h"; sourceTree = "<group>"; };
		36480A522287791F00C9D19F /* RIOCharacterPreviewViewModel+IGListDiffable.m */ = {isa = PBXFileReference; lastKnownFileType = sourcecode.c.objc; path = "RIOCharacterPreviewViewModel+IGListDiffable.m"; sourceTree = "<group>"; };
		36BF9AA622889AE20009870E /* RIOCharacterHeaderSectionController.h */ = {isa = PBXFileReference; lastKnownFileType = sourcecode.c.h; path = RIOCharacterHeaderSectionController.h; sourceTree = "<group>"; };
		36BF9AA722889AE20009870E /* RIOCharacterHeaderSectionController.m */ = {isa = PBXFileReference; lastKnownFileType = sourcecode.c.objc; path = RIOCharacterHeaderSectionController.m; sourceTree = "<group>"; };
		36BF9AA922889B330009870E /* RIOCharacterHeaderViewModel.value */ = {isa = PBXFileReference; lastKnownFileType = text; path = RIOCharacterHeaderViewModel.value; sourceTree = "<group>"; };
		36BF9AAB22889C150009870E /* RIOCharacterHeaderViewModel.h */ = {isa = PBXFileReference; fileEncoding = 4; lastKnownFileType = sourcecode.c.h; path = RIOCharacterHeaderViewModel.h; sourceTree = "<group>"; };
		36BF9AAC22889C150009870E /* RIOCharacterHeaderViewModel.m */ = {isa = PBXFileReference; fileEncoding = 4; lastKnownFileType = sourcecode.c.objc; path = RIOCharacterHeaderViewModel.m; sourceTree = "<group>"; };
		36BF9AAE22889E420009870E /* RIOCharacterHeaderViewModel+IGListDiffable.h */ = {isa = PBXFileReference; lastKnownFileType = sourcecode.c.h; path = "RIOCharacterHeaderViewModel+IGListDiffable.h"; sourceTree = "<group>"; };
		36BF9AAF22889E420009870E /* RIOCharacterHeaderViewModel+IGListDiffable.m */ = {isa = PBXFileReference; lastKnownFileType = sourcecode.c.objc; path = "RIOCharacterHeaderViewModel+IGListDiffable.m"; sourceTree = "<group>"; };
		36BF9AB122889F4B0009870E /* RIOCharacterHeaderCell.h */ = {isa = PBXFileReference; lastKnownFileType = sourcecode.c.h; path = RIOCharacterHeaderCell.h; sourceTree = "<group>"; };
		36BF9AB222889F4B0009870E /* RIOCharacterHeaderCell.m */ = {isa = PBXFileReference; lastKnownFileType = sourcecode.c.objc; path = RIOCharacterHeaderCell.m; sourceTree = "<group>"; };
		36BF9AB42288AC7D0009870E /* UIView+Framing.h */ = {isa = PBXFileReference; lastKnownFileType = sourcecode.c.h; path = "UIView+Framing.h"; sourceTree = "<group>"; };
		36BF9AB52288AC7D0009870E /* UIView+Framing.m */ = {isa = PBXFileReference; lastKnownFileType = sourcecode.c.objc; path = "UIView+Framing.m"; sourceTree = "<group>"; };
		AC0A9AD121900965002BD60F /* RIOCharacterViewController.h */ = {isa = PBXFileReference; lastKnownFileType = sourcecode.c.h; path = RIOCharacterViewController.h; sourceTree = "<group>"; };
		AC0A9AD221900965002BD60F /* RIOCharacterViewController.m */ = {isa = PBXFileReference; lastKnownFileType = sourcecode.c.objc; path = RIOCharacterViewController.m; sourceTree = "<group>"; };
		AC0CE02E219E2F5400970B5E /* RIOMythicPlusBestRun.value */ = {isa = PBXFileReference; lastKnownFileType = text; path = RIOMythicPlusBestRun.value; sourceTree = "<group>"; };
		AC0CE02F219E2FD400970B5E /* RIOMythicPlusBestRun.m */ = {isa = PBXFileReference; fileEncoding = 4; lastKnownFileType = sourcecode.c.objc; path = RIOMythicPlusBestRun.m; sourceTree = "<group>"; };
		AC0CE030219E2FD400970B5E /* RIOMythicPlusBestRun.h */ = {isa = PBXFileReference; fileEncoding = 4; lastKnownFileType = sourcecode.c.h; path = RIOMythicPlusBestRun.h; sourceTree = "<group>"; };
		AC16155E21A34547009770DF /* IGListKit.framework.dSYM */ = {isa = PBXFileReference; lastKnownFileType = wrapper.dsym; name = IGListKit.framework.dSYM; path = Carthage/Build/iOS/IGListKit.framework.dSYM; sourceTree = "<group>"; };
		AC26DE2C21A34307000B17F2 /* IGListKit.framework */ = {isa = PBXFileReference; lastKnownFileType = wrapper.framework; name = IGListKit.framework; path = Carthage/Build/iOS/IGListKit.framework; sourceTree = "<group>"; };
		AC2EF198218D861000C92D37 /* RIOCharacterService.h */ = {isa = PBXFileReference; lastKnownFileType = sourcecode.c.h; path = RIOCharacterService.h; sourceTree = "<group>"; };
		AC2EF199218D861000C92D37 /* RIOCharacterService.m */ = {isa = PBXFileReference; lastKnownFileType = sourcecode.c.objc; path = RIOCharacterService.m; sourceTree = "<group>"; };
		AC2EF19B218F589000C92D37 /* RIOGuild.h */ = {isa = PBXFileReference; fileEncoding = 4; lastKnownFileType = sourcecode.c.h; path = RIOGuild.h; sourceTree = "<group>"; };
		AC2EF19C218F589000C92D37 /* RIOGuild.m */ = {isa = PBXFileReference; fileEncoding = 4; lastKnownFileType = sourcecode.c.objc; path = RIOGuild.m; sourceTree = "<group>"; };
		AC2EF19D218F589000C92D37 /* RIOCharacter.m */ = {isa = PBXFileReference; fileEncoding = 4; lastKnownFileType = sourcecode.c.objc; path = RIOCharacter.m; sourceTree = "<group>"; };
		AC2EF19E218F589000C92D37 /* RIOCharacter.h */ = {isa = PBXFileReference; fileEncoding = 4; lastKnownFileType = sourcecode.c.h; path = RIOCharacter.h; sourceTree = "<group>"; };
		AC3F9F0A21882CF200679F1F /* RaiderIO.app */ = {isa = PBXFileReference; explicitFileType = wrapper.application; includeInIndex = 0; path = RaiderIO.app; sourceTree = BUILT_PRODUCTS_DIR; };
		AC3F9F0D21882CF200679F1F /* AppDelegate.h */ = {isa = PBXFileReference; lastKnownFileType = sourcecode.c.h; path = AppDelegate.h; sourceTree = "<group>"; };
		AC3F9F0E21882CF200679F1F /* AppDelegate.m */ = {isa = PBXFileReference; lastKnownFileType = sourcecode.c.objc; path = AppDelegate.m; sourceTree = "<group>"; };
		AC3F9F1621882CF200679F1F /* Assets.xcassets */ = {isa = PBXFileReference; lastKnownFileType = folder.assetcatalog; path = Assets.xcassets; sourceTree = "<group>"; };
		AC3F9F1921882CF200679F1F /* Base */ = {isa = PBXFileReference; lastKnownFileType = file.storyboard; name = Base; path = Base.lproj/LaunchScreen.storyboard; sourceTree = "<group>"; };
		AC3F9F1B21882CF200679F1F /* Info.plist */ = {isa = PBXFileReference; lastKnownFileType = text.plist.xml; path = Info.plist; sourceTree = "<group>"; };
		AC3F9F1C21882CF300679F1F /* main.m */ = {isa = PBXFileReference; lastKnownFileType = sourcecode.c.objc; path = main.m; sourceTree = "<group>"; };
		AC3F9F2221882CF300679F1F /* RaiderIOTests.xctest */ = {isa = PBXFileReference; explicitFileType = wrapper.cfbundle; includeInIndex = 0; path = RaiderIOTests.xctest; sourceTree = BUILT_PRODUCTS_DIR; };
		AC3F9F2621882CF300679F1F /* RaiderIOTests.m */ = {isa = PBXFileReference; lastKnownFileType = sourcecode.c.objc; path = RaiderIOTests.m; sourceTree = "<group>"; };
		AC3F9F2821882CF300679F1F /* Info.plist */ = {isa = PBXFileReference; lastKnownFileType = text.plist.xml; path = Info.plist; sourceTree = "<group>"; };
		ACA03C6821899F0000BAA882 /* RIOCharacterPreviewViewModel.m */ = {isa = PBXFileReference; fileEncoding = 4; lastKnownFileType = sourcecode.c.objc; path = RIOCharacterPreviewViewModel.m; sourceTree = "<group>"; };
		ACA03C6921899F0000BAA882 /* RIOCharacterPreviewViewModel.h */ = {isa = PBXFileReference; fileEncoding = 4; lastKnownFileType = sourcecode.c.h; path = RIOCharacterPreviewViewModel.h; sourceTree = "<group>"; };
		ACA03C6B2189A11B00BAA882 /* RIOCharacterPreviewSectionController.h */ = {isa = PBXFileReference; lastKnownFileType = sourcecode.c.h; path = RIOCharacterPreviewSectionController.h; sourceTree = "<group>"; };
		ACA03C6C2189A11B00BAA882 /* RIOCharacterPreviewSectionController.m */ = {isa = PBXFileReference; lastKnownFileType = sourcecode.c.objc; path = RIOCharacterPreviewSectionController.m; sourceTree = "<group>"; };
		ACA03C6E2189A21700BAA882 /* RIOCharacterPreviewCell.h */ = {isa = PBXFileReference; lastKnownFileType = sourcecode.c.h; path = RIOCharacterPreviewCell.h; sourceTree = "<group>"; };
		ACA03C6F2189A21700BAA882 /* RIOCharacterPreviewCell.m */ = {isa = PBXFileReference; lastKnownFileType = sourcecode.c.objc; path = RIOCharacterPreviewCell.m; sourceTree = "<group>"; };
		ACA03C712189A2A900BAA882 /* RIOCharacterPreviewViewModel+Layout.h */ = {isa = PBXFileReference; lastKnownFileType = sourcecode.c.h; path = "RIOCharacterPreviewViewModel+Layout.h"; sourceTree = "<group>"; };
		ACA03C722189A2A900BAA882 /* RIOCharacterPreviewViewModel+Layout.m */ = {isa = PBXFileReference; lastKnownFileType = sourcecode.c.objc; path = "RIOCharacterPreviewViewModel+Layout.m"; sourceTree = "<group>"; };
		ACCAEF44219786AF002F76C4 /* RIOCharacterPreviewViewModel.value */ = {isa = PBXFileReference; lastKnownFileType = text; path = RIOCharacterPreviewViewModel.value; sourceTree = "<group>"; };
		ACCAEF45219786CA002F76C4 /* RIOCharacter.value */ = {isa = PBXFileReference; lastKnownFileType = text; path = RIOCharacter.value; sourceTree = "<group>"; };
		ACCAEF4621979249002F76C4 /* RIOCharacterID.value */ = {isa = PBXFileReference; lastKnownFileType = text; path = RIOCharacterID.value; sourceTree = "<group>"; };
		ACCAEF4821979270002F76C4 /* RIOCharacterID.m */ = {isa = PBXFileReference; fileEncoding = 4; lastKnownFileType = sourcecode.c.objc; path = RIOCharacterID.m; sourceTree = "<group>"; };
		ACCAEF4921979270002F76C4 /* RIOCharacterID.h */ = {isa = PBXFileReference; fileEncoding = 4; lastKnownFileType = sourcecode.c.h; path = RIOCharacterID.h; sourceTree = "<group>"; };
		ACCAEF4B219792A6002F76C4 /* RIOCharacterCache.h */ = {isa = PBXFileReference; lastKnownFileType = sourcecode.c.h; path = RIOCharacterCache.h; sourceTree = "<group>"; };
		ACCAEF4C219792A6002F76C4 /* RIOCharacterCache.m */ = {isa = PBXFileReference; lastKnownFileType = sourcecode.c.objc; path = RIOCharacterCache.m; sourceTree = "<group>"; };
		ACCAEF4E21979357002F76C4 /* RIOCollections.h */ = {isa = PBXFileReference; lastKnownFileType = sourcecode.c.h; path = RIOCollections.h; sourceTree = "<group>"; };
		ACCAEF4F21979357002F76C4 /* RIOCollections.m */ = {isa = PBXFileReference; lastKnownFileType = sourcecode.c.objc; path = RIOCollections.m; sourceTree = "<group>"; };
		ACCAEF51219908F2002F76C4 /* RIOMythicPlusScores.value */ = {isa = PBXFileReference; lastKnownFileType = text; path = RIOMythicPlusScores.value; sourceTree = "<group>"; };
		ACCAEF5321990925002F76C4 /* RIOMythicPlusScores.h */ = {isa = PBXFileReference; fileEncoding = 4; lastKnownFileType = sourcecode.c.h; path = RIOMythicPlusScores.h; sourceTree = "<group>"; };
		ACCAEF5421990925002F76C4 /* RIOMythicPlusScores.m */ = {isa = PBXFileReference; fileEncoding = 4; lastKnownFileType = sourcecode.c.objc; path = RIOMythicPlusScores.m; sourceTree = "<group>"; };
		ACDE1ACB219B547D009D5556 /* RIOGuild.value */ = {isa = PBXFileReference; fileEncoding = 4; lastKnownFileType = text; path = RIOGuild.value; sourceTree = "<group>"; };
		ACF60E892189991400E30606 /* RIOCharacterListViewController.h */ = {isa = PBXFileReference; lastKnownFileType = sourcecode.c.h; path = RIOCharacterListViewController.h; sourceTree = "<group>"; };
		ACF60E8A2189991400E30606 /* RIOCharacterListViewController.m */ = {isa = PBXFileReference; lastKnownFileType = sourcecode.c.objc; path = RIOCharacterListViewController.m; sourceTree = "<group>"; };
		ACF60E8D21899A0100E30606 /* RIOMacros.h */ = {isa = PBXFileReference; lastKnownFileType = sourcecode.c.h; path = RIOMacros.h; sourceTree = "<group>"; };
		ACFF0D15219D451F008BDD02 /* RIOTextStackViewModel.value */ = {isa = PBXFileReference; lastKnownFileType = text; path = RIOTextStackViewModel.value; sourceTree = "<group>"; };
		ACFF0D17219D4616008BDD02 /* RIOTextStackViewModel.m */ = {isa = PBXFileReference; fileEncoding = 4; lastKnownFileType = sourcecode.c.objc; path = RIOTextStackViewModel.m; sourceTree = "<group>"; };
		ACFF0D18219D4616008BDD02 /* RIOTextStackViewModel.h */ = {isa = PBXFileReference; fileEncoding = 4; lastKnownFileType = sourcecode.c.h; path = RIOTextStackViewModel.h; sourceTree = "<group>"; };
		ACFF0D1A219D4654008BDD02 /* RIOTextStackView.h */ = {isa = PBXFileReference; lastKnownFileType = sourcecode.c.h; path = RIOTextStackView.h; sourceTree = "<group>"; };
		ACFF0D1B219D4654008BDD02 /* RIOTextStackView.m */ = {isa = PBXFileReference; lastKnownFileType = sourcecode.c.objc; path = RIOTextStackView.m; sourceTree = "<group>"; };
		ACFF0D1D219D471D008BDD02 /* RIOTextStackViewModel+Layout.h */ = {isa = PBXFileReference; lastKnownFileType = sourcecode.c.h; path = "RIOTextStackViewModel+Layout.h"; sourceTree = "<group>"; };
		ACFF0D1E219D471D008BDD02 /* RIOTextStackViewModel+Layout.m */ = {isa = PBXFileReference; lastKnownFileType = sourcecode.c.objc; path = "RIOTextStackViewModel+Layout.m"; sourceTree = "<group>"; };
		ACFF0D22219DE0E3008BDD02 /* RIOGeometry.h */ = {isa = PBXFileReference; lastKnownFileType = sourcecode.c.h; path = RIOGeometry.h; sourceTree = "<group>"; };
		ACFF0D23219DE0E3008BDD02 /* RIOGeometry.m */ = {isa = PBXFileReference; lastKnownFileType = sourcecode.c.objc; path = RIOGeometry.m; sourceTree = "<group>"; };
/* End PBXFileReference section */

/* Begin PBXFrameworksBuildPhase section */
		AC26DE2A21A3402F000B17F2 /* Frameworks */ = {
			isa = PBXFrameworksBuildPhase;
			buildActionMask = 2147483647;
			files = (
				AC26DE2D21A34307000B17F2 /* IGListKit.framework in Frameworks */,
			);
			runOnlyForDeploymentPostprocessing = 0;
		};
		AC3F9F1F21882CF300679F1F /* Frameworks */ = {
			isa = PBXFrameworksBuildPhase;
			buildActionMask = 2147483647;
			files = (
			);
			runOnlyForDeploymentPostprocessing = 0;
		};
/* End PBXFrameworksBuildPhase section */

/* Begin PBXGroup section */
		36475B6C229B6A8F00B582F9 /* Dungeon */ = {
			isa = PBXGroup;
			children = (
				36475B6D229B6AB300B582F9 /* RIODungeonViewModel.value */,
				36475B6F229B6AE800B582F9 /* RIODungeonViewModel.h */,
				36475B70229B6AE900B582F9 /* RIODungeonViewModel.m */,
				36475B78229B963C00B582F9 /* RIODungeonViewModel+IGListDiffable.h */,
				36475B79229B963C00B582F9 /* RIODungeonViewModel+IGListDiffable.m */,
				36475B72229B6B0E00B582F9 /* RIODungeonSectionController.h */,
				36475B73229B6B0E00B582F9 /* RIODungeonSectionController.m */,
				36475B75229B6B2700B582F9 /* RIODungeonCell.h */,
				36475B76229B6B2700B582F9 /* RIODungeonCell.m */,
			);
			path = Dungeon;
			sourceTree = "<group>";
		};
		36475B7B229B98E100B582F9 /* Header */ = {
			isa = PBXGroup;
			children = (
				36BF9AA922889B330009870E /* RIOCharacterHeaderViewModel.value */,
				36BF9AAB22889C150009870E /* RIOCharacterHeaderViewModel.h */,
				36BF9AAC22889C150009870E /* RIOCharacterHeaderViewModel.m */,
				36BF9AAE22889E420009870E /* RIOCharacterHeaderViewModel+IGListDiffable.h */,
				36BF9AAF22889E420009870E /* RIOCharacterHeaderViewModel+IGListDiffable.m */,
				36BF9AA622889AE20009870E /* RIOCharacterHeaderSectionController.h */,
				36BF9AA722889AE20009870E /* RIOCharacterHeaderSectionController.m */,
				36BF9AB122889F4B0009870E /* RIOCharacterHeaderCell.h */,
				36BF9AB222889F4B0009870E /* RIOCharacterHeaderCell.m */,
			);
			path = Header;
			sourceTree = "<group>";
		};
		65AC241815E12F401EC8F7BC /* Frameworks */ = {
			isa = PBXGroup;
			children = (
				AC16155E21A34547009770DF /* IGListKit.framework.dSYM */,
				AC26DE2C21A34307000B17F2 /* IGListKit.framework */,
			);
			name = Frameworks;
			sourceTree = "<group>";
		};
		AC0A9ACE21900851002BD60F /* Character */ = {
			isa = PBXGroup;
			children = (
				36475B7B229B98E100B582F9 /* Header */,
				36475B6C229B6A8F00B582F9 /* Dungeon */,
				AC0A9AD121900965002BD60F /* RIOCharacterViewController.h */,
				AC0A9AD221900965002BD60F /* RIOCharacterViewController.m */,
			);
			path = Character;
			sourceTree = "<group>";
		};
		AC0A9ACF21900888002BD60F /* Screens */ = {
			isa = PBXGroup;
			children = (
				ACF60E85218998C300E30606 /* CharacterList */,
				AC0A9ACE21900851002BD60F /* Character */,
			);
			path = Screens;
			sourceTree = "<group>";
		};
		AC2EF197218D85DF00C92D37 /* Services */ = {
			isa = PBXGroup;
			children = (
				AC2EF198218D861000C92D37 /* RIOCharacterService.h */,
				AC2EF199218D861000C92D37 /* RIOCharacterService.m */,
				ACCAEF4B219792A6002F76C4 /* RIOCharacterCache.h */,
				ACCAEF4C219792A6002F76C4 /* RIOCharacterCache.m */,
			);
			path = Services;
			sourceTree = "<group>";
		};
		AC3F9F0121882CF200679F1F = {
			isa = PBXGroup;
			children = (
				AC3F9F0C21882CF200679F1F /* RaiderIO */,
				AC3F9F2521882CF300679F1F /* RaiderIOTests */,
				AC3F9F0B21882CF200679F1F /* Products */,
				65AC241815E12F401EC8F7BC /* Frameworks */,
			);
			sourceTree = "<group>";
		};
		AC3F9F0B21882CF200679F1F /* Products */ = {
			isa = PBXGroup;
			children = (
				AC3F9F0A21882CF200679F1F /* RaiderIO.app */,
				AC3F9F2221882CF300679F1F /* RaiderIOTests.xctest */,
			);
			name = Products;
			sourceTree = "<group>";
		};
		AC3F9F0C21882CF200679F1F /* RaiderIO */ = {
			isa = PBXGroup;
			children = (
				ACF60E8C218999EF00E30606 /* Utilities */,
				ACDE1ACA219B542B009D5556 /* DataModels */,
				AC2EF197218D85DF00C92D37 /* Services */,
				AC0A9ACF21900888002BD60F /* Screens */,
				AC3F9F0D21882CF200679F1F /* AppDelegate.h */,
				AC3F9F0E21882CF200679F1F /* AppDelegate.m */,
				AC3F9F1621882CF200679F1F /* Assets.xcassets */,
				AC3F9F1821882CF200679F1F /* LaunchScreen.storyboard */,
				AC3F9F1B21882CF200679F1F /* Info.plist */,
				AC3F9F1C21882CF300679F1F /* main.m */,
			);
			path = RaiderIO;
			sourceTree = "<group>";
		};
		AC3F9F2521882CF300679F1F /* RaiderIOTests */ = {
			isa = PBXGroup;
			children = (
				AC3F9F2621882CF300679F1F /* RaiderIOTests.m */,
				AC3F9F2821882CF300679F1F /* Info.plist */,
			);
			path = RaiderIOTests;
			sourceTree = "<group>";
		};
		ACDE1ACA219B542B009D5556 /* DataModels */ = {
			isa = PBXGroup;
			children = (
				ACCAEF51219908F2002F76C4 /* RIOMythicPlusScores.value */,
				ACCAEF5321990925002F76C4 /* RIOMythicPlusScores.h */,
				ACCAEF5421990925002F76C4 /* RIOMythicPlusScores.m */,
				ACCAEF45219786CA002F76C4 /* RIOCharacter.value */,
				AC2EF19E218F589000C92D37 /* RIOCharacter.h */,
				AC2EF19D218F589000C92D37 /* RIOCharacter.m */,
				ACCAEF4621979249002F76C4 /* RIOCharacterID.value */,
				ACCAEF4921979270002F76C4 /* RIOCharacterID.h */,
				ACCAEF4821979270002F76C4 /* RIOCharacterID.m */,
				ACDE1ACB219B547D009D5556 /* RIOGuild.value */,
				AC2EF19B218F589000C92D37 /* RIOGuild.h */,
				AC2EF19C218F589000C92D37 /* RIOGuild.m */,
				AC0CE02E219E2F5400970B5E /* RIOMythicPlusBestRun.value */,
				AC0CE030219E2FD400970B5E /* RIOMythicPlusBestRun.h */,
				AC0CE02F219E2FD400970B5E /* RIOMythicPlusBestRun.m */,
			);
			path = DataModels;
			sourceTree = "<group>";
		};
		ACF60E85218998C300E30606 /* CharacterList */ = {
			isa = PBXGroup;
			children = (
				ACF60E892189991400E30606 /* RIOCharacterListViewController.h */,
				ACF60E8A2189991400E30606 /* RIOCharacterListViewController.m */,
				ACA03C6921899F0000BAA882 /* RIOCharacterPreviewViewModel.h */,
				ACA03C6821899F0000BAA882 /* RIOCharacterPreviewViewModel.m */,
				ACCAEF44219786AF002F76C4 /* RIOCharacterPreviewViewModel.value */,
				ACA03C712189A2A900BAA882 /* RIOCharacterPreviewViewModel+Layout.h */,
				ACA03C722189A2A900BAA882 /* RIOCharacterPreviewViewModel+Layout.m */,
				36480A512287791F00C9D19F /* RIOCharacterPreviewViewModel+IGListDiffable.h */,
				36480A522287791F00C9D19F /* RIOCharacterPreviewViewModel+IGListDiffable.m */,
				ACA03C6B2189A11B00BAA882 /* RIOCharacterPreviewSectionController.h */,
				ACA03C6C2189A11B00BAA882 /* RIOCharacterPreviewSectionController.m */,
				ACA03C6E2189A21700BAA882 /* RIOCharacterPreviewCell.h */,
				ACA03C6F2189A21700BAA882 /* RIOCharacterPreviewCell.m */,
			);
			path = CharacterList;
			sourceTree = "<group>";
		};
		ACF60E8C218999EF00E30606 /* Utilities */ = {
			isa = PBXGroup;
			children = (
				ACFF0D25219DE35F008BDD02 /* TextStackView */,
				ACF60E8D21899A0100E30606 /* RIOMacros.h */,
				ACCAEF4E21979357002F76C4 /* RIOCollections.h */,
				ACCAEF4F21979357002F76C4 /* RIOCollections.m */,
				ACFF0D22219DE0E3008BDD02 /* RIOGeometry.h */,
				ACFF0D23219DE0E3008BDD02 /* RIOGeometry.m */,
				36BF9AB42288AC7D0009870E /* UIView+Framing.h */,
				36BF9AB52288AC7D0009870E /* UIView+Framing.m */,
			);
			path = Utilities;
			sourceTree = "<group>";
		};
		ACFF0D25219DE35F008BDD02 /* TextStackView */ = {
			isa = PBXGroup;
			children = (
				ACFF0D1A219D4654008BDD02 /* RIOTextStackView.h */,
				ACFF0D1B219D4654008BDD02 /* RIOTextStackView.m */,
				ACFF0D15219D451F008BDD02 /* RIOTextStackViewModel.value */,
				ACFF0D18219D4616008BDD02 /* RIOTextStackViewModel.h */,
				ACFF0D17219D4616008BDD02 /* RIOTextStackViewModel.m */,
				ACFF0D1D219D471D008BDD02 /* RIOTextStackViewModel+Layout.h */,
				ACFF0D1E219D471D008BDD02 /* RIOTextStackViewModel+Layout.m */,
			);
			path = TextStackView;
			sourceTree = "<group>";
		};
/* End PBXGroup section */

/* Begin PBXNativeTarget section */
		AC3F9F0921882CF200679F1F /* RaiderIO */ = {
			isa = PBXNativeTarget;
			buildConfigurationList = AC3F9F2B21882CF300679F1F /* Build configuration list for PBXNativeTarget "RaiderIO" */;
			buildPhases = (
				AC3F9F0621882CF200679F1F /* Sources */,
				AC3F9F0821882CF200679F1F /* Resources */,
				AC26DE2021A222E6000B17F2 /* ShellScript */,
				AC26DE2A21A3402F000B17F2 /* Frameworks */,
				AC26DE2B21A3402F000B17F2 /* Embed Frameworks */,
				AC16155921A344F2009770DF /* CopyFiles */,
			);
			buildRules = (
			);
			dependencies = (
			);
			name = RaiderIO;
			productName = RaiderIO;
			productReference = AC3F9F0A21882CF200679F1F /* RaiderIO.app */;
			productType = "com.apple.product-type.application";
		};
		AC3F9F2121882CF300679F1F /* RaiderIOTests */ = {
			isa = PBXNativeTarget;
			buildConfigurationList = AC3F9F2E21882CF300679F1F /* Build configuration list for PBXNativeTarget "RaiderIOTests" */;
			buildPhases = (
				AC3F9F1E21882CF300679F1F /* Sources */,
				AC3F9F1F21882CF300679F1F /* Frameworks */,
				AC3F9F2021882CF300679F1F /* Resources */,
			);
			buildRules = (
			);
			dependencies = (
				AC3F9F2421882CF300679F1F /* PBXTargetDependency */,
			);
			name = RaiderIOTests;
			productName = RaiderIOTests;
			productReference = AC3F9F2221882CF300679F1F /* RaiderIOTests.xctest */;
			productType = "com.apple.product-type.bundle.unit-test";
		};
/* End PBXNativeTarget section */

/* Begin PBXProject section */
		AC3F9F0221882CF200679F1F /* Project object */ = {
			isa = PBXProject;
			attributes = {
				LastUpgradeCheck = 1000;
				ORGANIZATIONNAME = "Chris McGrath";
				TargetAttributes = {
					AC3F9F0921882CF200679F1F = {
						CreatedOnToolsVersion = 10.0;
						LastSwiftMigration = 1010;
					};
					AC3F9F2121882CF300679F1F = {
						CreatedOnToolsVersion = 10.0;
						TestTargetID = AC3F9F0921882CF200679F1F;
					};
				};
			};
			buildConfigurationList = AC3F9F0521882CF200679F1F /* Build configuration list for PBXProject "RaiderIO" */;
			compatibilityVersion = "Xcode 9.3";
			developmentRegion = en;
			hasScannedForEncodings = 0;
			knownRegions = (
				en,
				Base,
			);
			mainGroup = AC3F9F0121882CF200679F1F;
			productRefGroup = AC3F9F0B21882CF200679F1F /* Products */;
			projectDirPath = "";
			projectRoot = "";
			targets = (
				AC3F9F0921882CF200679F1F /* RaiderIO */,
				AC3F9F2121882CF300679F1F /* RaiderIOTests */,
			);
		};
/* End PBXProject section */

/* Begin PBXResourcesBuildPhase section */
		AC3F9F0821882CF200679F1F /* Resources */ = {
			isa = PBXResourcesBuildPhase;
			buildActionMask = 2147483647;
			files = (
				36475B6E229B6AB300B582F9 /* RIODungeonViewModel.value in Resources */,
				ACDE1ACC219B547D009D5556 /* RIOGuild.value in Resources */,
				ACFF0D16219D451F008BDD02 /* RIOTextStackViewModel.value in Resources */,
				AC3F9F1A21882CF200679F1F /* LaunchScreen.storyboard in Resources */,
				AC3F9F1721882CF200679F1F /* Assets.xcassets in Resources */,
				ACCAEF4721979249002F76C4 /* RIOCharacterID.value in Resources */,
				ACCAEF52219908F2002F76C4 /* RIOMythicPlusScores.value in Resources */,
			);
			runOnlyForDeploymentPostprocessing = 0;
		};
		AC3F9F2021882CF300679F1F /* Resources */ = {
			isa = PBXResourcesBuildPhase;
			buildActionMask = 2147483647;
			files = (
			);
			runOnlyForDeploymentPostprocessing = 0;
		};
/* End PBXResourcesBuildPhase section */

/* Begin PBXShellScriptBuildPhase section */
		AC26DE2021A222E6000B17F2 /* ShellScript */ = {
			isa = PBXShellScriptBuildPhase;
			buildActionMask = 2147483647;
			files = (
			);
			inputFileListPaths = (
			);
			inputPaths = (
				"$(SRCROOT)/Carthage/Build/iOS/IGListKit.framework",
			);
			outputFileListPaths = (
			);
			outputPaths = (
				"$(BUILT_PRODUCTS_DIR)/$(FRAMEWORKS_FOLDER_PATH)/IGListKit.framework",
			);
			runOnlyForDeploymentPostprocessing = 0;
			shellPath = /bin/sh;
			shellScript = "/usr/local/bin/carthage copy-frameworks\n";
		};
/* End PBXShellScriptBuildPhase section */

/* Begin PBXSourcesBuildPhase section */
		AC3F9F0621882CF200679F1F /* Sources */ = {
			isa = PBXSourcesBuildPhase;
			buildActionMask = 2147483647;
			files = (
				36475B71229B6AE900B582F9 /* RIODungeonViewModel.m in Sources */,
				AC0CE031219E2FD400970B5E /* RIOMythicPlusBestRun.m in Sources */,
				36475B77229B6B2700B582F9 /* RIODungeonCell.m in Sources */,
				36475B7A229B963C00B582F9 /* RIODungeonViewModel+IGListDiffable.m in Sources */,
				AC0A9AD321900965002BD60F /* RIOCharacterViewController.m in Sources */,
				36BF9AAD22889C150009870E /* RIOCharacterHeaderViewModel.m in Sources */,
				AC3F9F1D21882CF300679F1F /* main.m in Sources */,
				ACCAEF4D219792A6002F76C4 /* RIOCharacterCache.m in Sources */,
				ACA03C6D2189A11B00BAA882 /* RIOCharacterPreviewSectionController.m in Sources */,
				36475B74229B6B0E00B582F9 /* RIODungeonSectionController.m in Sources */,
				ACCAEF5021979357002F76C4 /* RIOCollections.m in Sources */,
				ACA03C6A21899F0000BAA882 /* RIOCharacterPreviewViewModel.m in Sources */,
				ACF60E8B2189991400E30606 /* RIOCharacterListViewController.m in Sources */,
				36BF9AB322889F4B0009870E /* RIOCharacterHeaderCell.m in Sources */,
				ACFF0D1F219D471D008BDD02 /* RIOTextStackViewModel+Layout.m in Sources */,
				ACA03C732189A2A900BAA882 /* RIOCharacterPreviewViewModel+Layout.m in Sources */,
				36480A532287791F00C9D19F /* RIOCharacterPreviewViewModel+IGListDiffable.m in Sources */,
				ACCAEF5521990925002F76C4 /* RIOMythicPlusScores.m in Sources */,
				ACA03C702189A21700BAA882 /* RIOCharacterPreviewCell.m in Sources */,
				AC3F9F0F21882CF200679F1F /* AppDelegate.m in Sources */,
				AC2EF19F218F589100C92D37 /* RIOGuild.m in Sources */,
				36BF9AA822889AE20009870E /* RIOCharacterHeaderSectionController.m in Sources */,
				AC2EF1A0218F589100C92D37 /* RIOCharacter.m in Sources */,
				AC2EF19A218D861000C92D37 /* RIOCharacterService.m in Sources */,
				ACFF0D1C219D4654008BDD02 /* RIOTextStackView.m in Sources */,
				36BF9AB62288AC7D0009870E /* UIView+Framing.m in Sources */,
				ACFF0D24219DE0E3008BDD02 /* RIOGeometry.m in Sources */,
				ACFF0D19219D4616008BDD02 /* RIOTextStackViewModel.m in Sources */,
				ACCAEF4A21979270002F76C4 /* RIOCharacterID.m in Sources */,
				36BF9AB022889E420009870E /* RIOCharacterHeaderViewModel+IGListDiffable.m in Sources */,
			);
			runOnlyForDeploymentPostprocessing = 0;
		};
		AC3F9F1E21882CF300679F1F /* Sources */ = {
			isa = PBXSourcesBuildPhase;
			buildActionMask = 2147483647;
			files = (
				AC3F9F2721882CF300679F1F /* RaiderIOTests.m in Sources */,
			);
			runOnlyForDeploymentPostprocessing = 0;
		};
/* End PBXSourcesBuildPhase section */

/* Begin PBXTargetDependency section */
		AC3F9F2421882CF300679F1F /* PBXTargetDependency */ = {
			isa = PBXTargetDependency;
			target = AC3F9F0921882CF200679F1F /* RaiderIO */;
			targetProxy = AC3F9F2321882CF300679F1F /* PBXContainerItemProxy */;
		};
/* End PBXTargetDependency section */

/* Begin PBXVariantGroup section */
		AC3F9F1821882CF200679F1F /* LaunchScreen.storyboard */ = {
			isa = PBXVariantGroup;
			children = (
				AC3F9F1921882CF200679F1F /* Base */,
			);
			name = LaunchScreen.storyboard;
			sourceTree = "<group>";
		};
/* End PBXVariantGroup section */

/* Begin XCBuildConfiguration section */
		AC3F9F2921882CF300679F1F /* Debug */ = {
			isa = XCBuildConfiguration;
			buildSettings = {
				ALWAYS_SEARCH_USER_PATHS = NO;
				CLANG_ANALYZER_NONNULL = YES;
				CLANG_ANALYZER_NUMBER_OBJECT_CONVERSION = YES_AGGRESSIVE;
				CLANG_CXX_LANGUAGE_STANDARD = "gnu++14";
				CLANG_CXX_LIBRARY = "libc++";
				CLANG_ENABLE_MODULES = YES;
				CLANG_ENABLE_OBJC_ARC = YES;
				CLANG_ENABLE_OBJC_WEAK = YES;
				CLANG_WARN_BLOCK_CAPTURE_AUTORELEASING = YES;
				CLANG_WARN_BOOL_CONVERSION = YES;
				CLANG_WARN_COMMA = YES;
				CLANG_WARN_CONSTANT_CONVERSION = YES;
				CLANG_WARN_DEPRECATED_OBJC_IMPLEMENTATIONS = YES;
				CLANG_WARN_DIRECT_OBJC_ISA_USAGE = YES_ERROR;
				CLANG_WARN_DOCUMENTATION_COMMENTS = YES;
				CLANG_WARN_EMPTY_BODY = YES;
				CLANG_WARN_ENUM_CONVERSION = YES;
				CLANG_WARN_INFINITE_RECURSION = YES;
				CLANG_WARN_INT_CONVERSION = YES;
				CLANG_WARN_NON_LITERAL_NULL_CONVERSION = YES;
				CLANG_WARN_OBJC_IMPLICIT_RETAIN_SELF = YES;
				CLANG_WARN_OBJC_LITERAL_CONVERSION = YES;
				CLANG_WARN_OBJC_ROOT_CLASS = YES_ERROR;
				CLANG_WARN_RANGE_LOOP_ANALYSIS = YES;
				CLANG_WARN_STRICT_PROTOTYPES = YES;
				CLANG_WARN_SUSPICIOUS_MOVE = YES;
				CLANG_WARN_UNGUARDED_AVAILABILITY = YES_AGGRESSIVE;
				CLANG_WARN_UNREACHABLE_CODE = YES;
				CLANG_WARN__DUPLICATE_METHOD_MATCH = YES;
				CODE_SIGN_IDENTITY = "iPhone Developer";
				COPY_PHASE_STRIP = NO;
				DEBUG_INFORMATION_FORMAT = dwarf;
				ENABLE_STRICT_OBJC_MSGSEND = YES;
				ENABLE_TESTABILITY = YES;
				GCC_C_LANGUAGE_STANDARD = gnu11;
				GCC_DYNAMIC_NO_PIC = NO;
				GCC_NO_COMMON_BLOCKS = YES;
				GCC_OPTIMIZATION_LEVEL = 0;
				GCC_PREPROCESSOR_DEFINITIONS = (
					"DEBUG=1",
					"$(inherited)",
				);
				GCC_WARN_64_TO_32_BIT_CONVERSION = YES;
				GCC_WARN_ABOUT_RETURN_TYPE = YES_ERROR;
				GCC_WARN_UNDECLARED_SELECTOR = YES;
				GCC_WARN_UNINITIALIZED_AUTOS = YES_AGGRESSIVE;
				GCC_WARN_UNUSED_FUNCTION = YES;
				GCC_WARN_UNUSED_VARIABLE = YES;
				IPHONEOS_DEPLOYMENT_TARGET = 12.0;
				MTL_ENABLE_DEBUG_INFO = INCLUDE_SOURCE;
				MTL_FAST_MATH = YES;
				ONLY_ACTIVE_ARCH = YES;
				SDKROOT = iphoneos;
			};
			name = Debug;
		};
		AC3F9F2A21882CF300679F1F /* Release */ = {
			isa = XCBuildConfiguration;
			buildSettings = {
				ALWAYS_SEARCH_USER_PATHS = NO;
				CLANG_ANALYZER_NONNULL = YES;
				CLANG_ANALYZER_NUMBER_OBJECT_CONVERSION = YES_AGGRESSIVE;
				CLANG_CXX_LANGUAGE_STANDARD = "gnu++14";
				CLANG_CXX_LIBRARY = "libc++";
				CLANG_ENABLE_MODULES = YES;
				CLANG_ENABLE_OBJC_ARC = YES;
				CLANG_ENABLE_OBJC_WEAK = YES;
				CLANG_WARN_BLOCK_CAPTURE_AUTORELEASING = YES;
				CLANG_WARN_BOOL_CONVERSION = YES;
				CLANG_WARN_COMMA = YES;
				CLANG_WARN_CONSTANT_CONVERSION = YES;
				CLANG_WARN_DEPRECATED_OBJC_IMPLEMENTATIONS = YES;
				CLANG_WARN_DIRECT_OBJC_ISA_USAGE = YES_ERROR;
				CLANG_WARN_DOCUMENTATION_COMMENTS = YES;
				CLANG_WARN_EMPTY_BODY = YES;
				CLANG_WARN_ENUM_CONVERSION = YES;
				CLANG_WARN_INFINITE_RECURSION = YES;
				CLANG_WARN_INT_CONVERSION = YES;
				CLANG_WARN_NON_LITERAL_NULL_CONVERSION = YES;
				CLANG_WARN_OBJC_IMPLICIT_RETAIN_SELF = YES;
				CLANG_WARN_OBJC_LITERAL_CONVERSION = YES;
				CLANG_WARN_OBJC_ROOT_CLASS = YES_ERROR;
				CLANG_WARN_RANGE_LOOP_ANALYSIS = YES;
				CLANG_WARN_STRICT_PROTOTYPES = YES;
				CLANG_WARN_SUSPICIOUS_MOVE = YES;
				CLANG_WARN_UNGUARDED_AVAILABILITY = YES_AGGRESSIVE;
				CLANG_WARN_UNREACHABLE_CODE = YES;
				CLANG_WARN__DUPLICATE_METHOD_MATCH = YES;
				CODE_SIGN_IDENTITY = "iPhone Developer";
				COPY_PHASE_STRIP = NO;
				DEBUG_INFORMATION_FORMAT = "dwarf-with-dsym";
				ENABLE_NS_ASSERTIONS = NO;
				ENABLE_STRICT_OBJC_MSGSEND = YES;
				GCC_C_LANGUAGE_STANDARD = gnu11;
				GCC_NO_COMMON_BLOCKS = YES;
				GCC_WARN_64_TO_32_BIT_CONVERSION = YES;
				GCC_WARN_ABOUT_RETURN_TYPE = YES_ERROR;
				GCC_WARN_UNDECLARED_SELECTOR = YES;
				GCC_WARN_UNINITIALIZED_AUTOS = YES_AGGRESSIVE;
				GCC_WARN_UNUSED_FUNCTION = YES;
				GCC_WARN_UNUSED_VARIABLE = YES;
				IPHONEOS_DEPLOYMENT_TARGET = 12.0;
				MTL_ENABLE_DEBUG_INFO = NO;
				MTL_FAST_MATH = YES;
				SDKROOT = iphoneos;
				VALIDATE_PRODUCT = YES;
			};
			name = Release;
		};
		AC3F9F2C21882CF300679F1F /* Debug */ = {
			isa = XCBuildConfiguration;
			buildSettings = {
				ASSETCATALOG_COMPILER_APPICON_NAME = AppIcon;
				CLANG_ENABLE_MODULES = YES;
				CODE_SIGN_STYLE = Automatic;
				FRAMEWORK_SEARCH_PATHS = (
					"$(inherited)",
					"$(PROJECT_DIR)/Carthage/Build/iOS",
				);
				INFOPLIST_FILE = RaiderIO/Info.plist;
				LD_RUNPATH_SEARCH_PATHS = (
					"$(inherited)",
					"@executable_path/Frameworks",
				);
				PRODUCT_BUNDLE_IDENTIFIER = io.github.chritto.RaiderIO;
				PRODUCT_NAME = "$(TARGET_NAME)";
				SWIFT_OPTIMIZATION_LEVEL = "-Onone";
				SWIFT_VERSION = 4.2;
				TARGETED_DEVICE_FAMILY = "1,2";
			};
			name = Debug;
		};
		AC3F9F2D21882CF300679F1F /* Release */ = {
			isa = XCBuildConfiguration;
			buildSettings = {
				ASSETCATALOG_COMPILER_APPICON_NAME = AppIcon;
				CLANG_ENABLE_MODULES = YES;
				CODE_SIGN_STYLE = Automatic;
				FRAMEWORK_SEARCH_PATHS = (
					"$(inherited)",
					"$(PROJECT_DIR)/Carthage/Build/iOS",
				);
				INFOPLIST_FILE = RaiderIO/Info.plist;
				LD_RUNPATH_SEARCH_PATHS = (
					"$(inherited)",
					"@executable_path/Frameworks",
				);
				PRODUCT_BUNDLE_IDENTIFIER = io.github.chritto.RaiderIO;
				PRODUCT_NAME = "$(TARGET_NAME)";
				SWIFT_VERSION = 4.2;
				TARGETED_DEVICE_FAMILY = "1,2";
			};
			name = Release;
		};
		AC3F9F2F21882CF300679F1F /* Debug */ = {
			isa = XCBuildConfiguration;
			buildSettings = {
				BUNDLE_LOADER = "$(TEST_HOST)";
				CODE_SIGN_STYLE = Automatic;
				INFOPLIST_FILE = RaiderIOTests/Info.plist;
				LD_RUNPATH_SEARCH_PATHS = (
					"$(inherited)",
					"@executable_path/Frameworks",
					"@loader_path/Frameworks",
				);
				PRODUCT_BUNDLE_IDENTIFIER = io.github.chritto.RaiderIOTests;
				PRODUCT_NAME = "$(TARGET_NAME)";
				TARGETED_DEVICE_FAMILY = "1,2";
				TEST_HOST = "$(BUILT_PRODUCTS_DIR)/RaiderIO.app/RaiderIO";
			};
			name = Debug;
		};
		AC3F9F3021882CF300679F1F /* Release */ = {
			isa = XCBuildConfiguration;
			buildSettings = {
				BUNDLE_LOADER = "$(TEST_HOST)";
				CODE_SIGN_STYLE = Automatic;
				INFOPLIST_FILE = RaiderIOTests/Info.plist;
				LD_RUNPATH_SEARCH_PATHS = (
					"$(inherited)",
					"@executable_path/Frameworks",
					"@loader_path/Frameworks",
				);
				PRODUCT_BUNDLE_IDENTIFIER = io.github.chritto.RaiderIOTests;
				PRODUCT_NAME = "$(TARGET_NAME)";
				TARGETED_DEVICE_FAMILY = "1,2";
				TEST_HOST = "$(BUILT_PRODUCTS_DIR)/RaiderIO.app/RaiderIO";
			};
			name = Release;
		};
/* End XCBuildConfiguration section */

/* Begin XCConfigurationList section */
		AC3F9F0521882CF200679F1F /* Build configuration list for PBXProject "RaiderIO" */ = {
			isa = XCConfigurationList;
			buildConfigurations = (
				AC3F9F2921882CF300679F1F /* Debug */,
				AC3F9F2A21882CF300679F1F /* Release */,
			);
			defaultConfigurationIsVisible = 0;
			defaultConfigurationName = Release;
		};
		AC3F9F2B21882CF300679F1F /* Build configuration list for PBXNativeTarget "RaiderIO" */ = {
			isa = XCConfigurationList;
			buildConfigurations = (
				AC3F9F2C21882CF300679F1F /* Debug */,
				AC3F9F2D21882CF300679F1F /* Release */,
			);
			defaultConfigurationIsVisible = 0;
			defaultConfigurationName = Release;
		};
		AC3F9F2E21882CF300679F1F /* Build configuration list for PBXNativeTarget "RaiderIOTests" */ = {
			isa = XCConfigurationList;
			buildConfigurations = (
				AC3F9F2F21882CF300679F1F /* Debug */,
				AC3F9F3021882CF300679F1F /* Release */,
			);
			defaultConfigurationIsVisible = 0;
			defaultConfigurationName = Release;
		};
/* End XCConfigurationList section */
	};
	rootObject = AC3F9F0221882CF200679F1F /* Project object */;
}
