// !$*UTF8*$!
{
	archiveVersion = 1;
	classes = {
	};
	objectVersion = 50;
	objects = {

/* Begin PBXBuildFile section */
		6BAA6731F5CB62E49726756C /* libPods-RaiderIOTests.a in Frameworks */ = {isa = PBXBuildFile; fileRef = 51280EB80594DB4C32C0ED27 /* libPods-RaiderIOTests.a */; };
		AC2EF19A218D861000C92D37 /* RIOCharacterService.m in Sources */ = {isa = PBXBuildFile; fileRef = AC2EF199218D861000C92D37 /* RIOCharacterService.m */; };
		AC2EF19F218F589100C92D37 /* RIOGuild.m in Sources */ = {isa = PBXBuildFile; fileRef = AC2EF19C218F589000C92D37 /* RIOGuild.m */; };
		AC2EF1A0218F589100C92D37 /* RIOCharacter.m in Sources */ = {isa = PBXBuildFile; fileRef = AC2EF19D218F589000C92D37 /* RIOCharacter.m */; };
		AC3F9F0F21882CF200679F1F /* AppDelegate.m in Sources */ = {isa = PBXBuildFile; fileRef = AC3F9F0E21882CF200679F1F /* AppDelegate.m */; };
		AC3F9F1221882CF200679F1F /* RIORootViewController.m in Sources */ = {isa = PBXBuildFile; fileRef = AC3F9F1121882CF200679F1F /* RIORootViewController.m */; };
		AC3F9F1721882CF200679F1F /* Assets.xcassets in Resources */ = {isa = PBXBuildFile; fileRef = AC3F9F1621882CF200679F1F /* Assets.xcassets */; };
		AC3F9F1A21882CF200679F1F /* LaunchScreen.storyboard in Resources */ = {isa = PBXBuildFile; fileRef = AC3F9F1821882CF200679F1F /* LaunchScreen.storyboard */; };
		AC3F9F1D21882CF300679F1F /* main.m in Sources */ = {isa = PBXBuildFile; fileRef = AC3F9F1C21882CF300679F1F /* main.m */; };
		AC3F9F2721882CF300679F1F /* RaiderIOTests.m in Sources */ = {isa = PBXBuildFile; fileRef = AC3F9F2621882CF300679F1F /* RaiderIOTests.m */; };
		ACA03C6A21899F0000BAA882 /* RIOCharacterViewModel.m in Sources */ = {isa = PBXBuildFile; fileRef = ACA03C6821899F0000BAA882 /* RIOCharacterViewModel.m */; };
		ACA03C6D2189A11B00BAA882 /* RIOCharacterSectionController.m in Sources */ = {isa = PBXBuildFile; fileRef = ACA03C6C2189A11B00BAA882 /* RIOCharacterSectionController.m */; };
		ACA03C702189A21700BAA882 /* RIOCharacterCell.m in Sources */ = {isa = PBXBuildFile; fileRef = ACA03C6F2189A21700BAA882 /* RIOCharacterCell.m */; };
		ACA03C732189A2A900BAA882 /* RIOCharacterViewModel+Layout.m in Sources */ = {isa = PBXBuildFile; fileRef = ACA03C722189A2A900BAA882 /* RIOCharacterViewModel+Layout.m */; };
		ACF60E8B2189991400E30606 /* RIOCharacterListViewController.m in Sources */ = {isa = PBXBuildFile; fileRef = ACF60E8A2189991400E30606 /* RIOCharacterListViewController.m */; };
		F63EA491F1983092C9425DB9 /* libPods-RaiderIO.a in Frameworks */ = {isa = PBXBuildFile; fileRef = B5A237742C56B459CE348C09 /* libPods-RaiderIO.a */; };
/* End PBXBuildFile section */

/* Begin PBXContainerItemProxy section */
		AC3F9F2321882CF300679F1F /* PBXContainerItemProxy */ = {
			isa = PBXContainerItemProxy;
			containerPortal = AC3F9F0221882CF200679F1F /* Project object */;
			proxyType = 1;
			remoteGlobalIDString = AC3F9F0921882CF200679F1F;
			remoteInfo = RaiderIO;
		};
/* End PBXContainerItemProxy section */

/* Begin PBXFileReference section */
		47FCA63E24B9E90751E9FE00 /* Pods-RaiderIOTests.debug.xcconfig */ = {isa = PBXFileReference; includeInIndex = 1; lastKnownFileType = text.xcconfig; name = "Pods-RaiderIOTests.debug.xcconfig"; path = "Pods/Target Support Files/Pods-RaiderIOTests/Pods-RaiderIOTests.debug.xcconfig"; sourceTree = "<group>"; };
		51280EB80594DB4C32C0ED27 /* libPods-RaiderIOTests.a */ = {isa = PBXFileReference; explicitFileType = archive.ar; includeInIndex = 0; path = "libPods-RaiderIOTests.a"; sourceTree = BUILT_PRODUCTS_DIR; };
		69420C5540F7FE9028975975 /* Pods-RaiderIO.debug.xcconfig */ = {isa = PBXFileReference; includeInIndex = 1; lastKnownFileType = text.xcconfig; name = "Pods-RaiderIO.debug.xcconfig"; path = "Pods/Target Support Files/Pods-RaiderIO/Pods-RaiderIO.debug.xcconfig"; sourceTree = "<group>"; };
		760A8336544DA1A4A5D09461 /* Pods-RaiderIO.release.xcconfig */ = {isa = PBXFileReference; includeInIndex = 1; lastKnownFileType = text.xcconfig; name = "Pods-RaiderIO.release.xcconfig"; path = "Pods/Target Support Files/Pods-RaiderIO/Pods-RaiderIO.release.xcconfig"; sourceTree = "<group>"; };
		AC2EF198218D861000C92D37 /* RIOCharacterService.h */ = {isa = PBXFileReference; lastKnownFileType = sourcecode.c.h; path = RIOCharacterService.h; sourceTree = "<group>"; };
		AC2EF199218D861000C92D37 /* RIOCharacterService.m */ = {isa = PBXFileReference; lastKnownFileType = sourcecode.c.objc; path = RIOCharacterService.m; sourceTree = "<group>"; };
		AC2EF19B218F589000C92D37 /* RIOGuild.h */ = {isa = PBXFileReference; fileEncoding = 4; lastKnownFileType = sourcecode.c.h; path = RIOGuild.h; sourceTree = "<group>"; };
		AC2EF19C218F589000C92D37 /* RIOGuild.m */ = {isa = PBXFileReference; fileEncoding = 4; lastKnownFileType = sourcecode.c.objc; path = RIOGuild.m; sourceTree = "<group>"; };
		AC2EF19D218F589000C92D37 /* RIOCharacter.m */ = {isa = PBXFileReference; fileEncoding = 4; lastKnownFileType = sourcecode.c.objc; path = RIOCharacter.m; sourceTree = "<group>"; };
		AC2EF19E218F589000C92D37 /* RIOCharacter.h */ = {isa = PBXFileReference; fileEncoding = 4; lastKnownFileType = sourcecode.c.h; path = RIOCharacter.h; sourceTree = "<group>"; };
		AC3F9F0A21882CF200679F1F /* RaiderIO.app */ = {isa = PBXFileReference; explicitFileType = wrapper.application; includeInIndex = 0; path = RaiderIO.app; sourceTree = BUILT_PRODUCTS_DIR; };
		AC3F9F0D21882CF200679F1F /* AppDelegate.h */ = {isa = PBXFileReference; lastKnownFileType = sourcecode.c.h; path = AppDelegate.h; sourceTree = "<group>"; };
		AC3F9F0E21882CF200679F1F /* AppDelegate.m */ = {isa = PBXFileReference; lastKnownFileType = sourcecode.c.objc; path = AppDelegate.m; sourceTree = "<group>"; };
		AC3F9F1021882CF200679F1F /* RIORootViewController.h */ = {isa = PBXFileReference; lastKnownFileType = sourcecode.c.h; path = RIORootViewController.h; sourceTree = "<group>"; };
		AC3F9F1121882CF200679F1F /* RIORootViewController.m */ = {isa = PBXFileReference; lastKnownFileType = sourcecode.c.objc; path = RIORootViewController.m; sourceTree = "<group>"; };
		AC3F9F1621882CF200679F1F /* Assets.xcassets */ = {isa = PBXFileReference; lastKnownFileType = folder.assetcatalog; path = Assets.xcassets; sourceTree = "<group>"; };
		AC3F9F1921882CF200679F1F /* Base */ = {isa = PBXFileReference; lastKnownFileType = file.storyboard; name = Base; path = Base.lproj/LaunchScreen.storyboard; sourceTree = "<group>"; };
		AC3F9F1B21882CF200679F1F /* Info.plist */ = {isa = PBXFileReference; lastKnownFileType = text.plist.xml; path = Info.plist; sourceTree = "<group>"; };
		AC3F9F1C21882CF300679F1F /* main.m */ = {isa = PBXFileReference; lastKnownFileType = sourcecode.c.objc; path = main.m; sourceTree = "<group>"; };
		AC3F9F2221882CF300679F1F /* RaiderIOTests.xctest */ = {isa = PBXFileReference; explicitFileType = wrapper.cfbundle; includeInIndex = 0; path = RaiderIOTests.xctest; sourceTree = BUILT_PRODUCTS_DIR; };
		AC3F9F2621882CF300679F1F /* RaiderIOTests.m */ = {isa = PBXFileReference; lastKnownFileType = sourcecode.c.objc; path = RaiderIOTests.m; sourceTree = "<group>"; };
		AC3F9F2821882CF300679F1F /* Info.plist */ = {isa = PBXFileReference; lastKnownFileType = text.plist.xml; path = Info.plist; sourceTree = "<group>"; };
		ACA03C6821899F0000BAA882 /* RIOCharacterViewModel.m */ = {isa = PBXFileReference; fileEncoding = 4; lastKnownFileType = sourcecode.c.objc; path = RIOCharacterViewModel.m; sourceTree = "<group>"; };
		ACA03C6921899F0000BAA882 /* RIOCharacterViewModel.h */ = {isa = PBXFileReference; fileEncoding = 4; lastKnownFileType = sourcecode.c.h; path = RIOCharacterViewModel.h; sourceTree = "<group>"; };
		ACA03C6B2189A11B00BAA882 /* RIOCharacterSectionController.h */ = {isa = PBXFileReference; lastKnownFileType = sourcecode.c.h; path = RIOCharacterSectionController.h; sourceTree = "<group>"; };
		ACA03C6C2189A11B00BAA882 /* RIOCharacterSectionController.m */ = {isa = PBXFileReference; lastKnownFileType = sourcecode.c.objc; path = RIOCharacterSectionController.m; sourceTree = "<group>"; };
		ACA03C6E2189A21700BAA882 /* RIOCharacterCell.h */ = {isa = PBXFileReference; lastKnownFileType = sourcecode.c.h; path = RIOCharacterCell.h; sourceTree = "<group>"; };
		ACA03C6F2189A21700BAA882 /* RIOCharacterCell.m */ = {isa = PBXFileReference; lastKnownFileType = sourcecode.c.objc; path = RIOCharacterCell.m; sourceTree = "<group>"; };
		ACA03C712189A2A900BAA882 /* RIOCharacterViewModel+Layout.h */ = {isa = PBXFileReference; lastKnownFileType = sourcecode.c.h; path = "RIOCharacterViewModel+Layout.h"; sourceTree = "<group>"; };
		ACA03C722189A2A900BAA882 /* RIOCharacterViewModel+Layout.m */ = {isa = PBXFileReference; lastKnownFileType = sourcecode.c.objc; path = "RIOCharacterViewModel+Layout.m"; sourceTree = "<group>"; };
		ACF60E892189991400E30606 /* RIOCharacterListViewController.h */ = {isa = PBXFileReference; lastKnownFileType = sourcecode.c.h; path = RIOCharacterListViewController.h; sourceTree = "<group>"; };
		ACF60E8A2189991400E30606 /* RIOCharacterListViewController.m */ = {isa = PBXFileReference; lastKnownFileType = sourcecode.c.objc; path = RIOCharacterListViewController.m; sourceTree = "<group>"; };
		ACF60E8D21899A0100E30606 /* RIOMacros.h */ = {isa = PBXFileReference; lastKnownFileType = sourcecode.c.h; path = RIOMacros.h; sourceTree = "<group>"; };
		B5A237742C56B459CE348C09 /* libPods-RaiderIO.a */ = {isa = PBXFileReference; explicitFileType = archive.ar; includeInIndex = 0; path = "libPods-RaiderIO.a"; sourceTree = BUILT_PRODUCTS_DIR; };
		D34BE2317550523E986A4AEB /* Pods-RaiderIOTests.release.xcconfig */ = {isa = PBXFileReference; includeInIndex = 1; lastKnownFileType = text.xcconfig; name = "Pods-RaiderIOTests.release.xcconfig"; path = "Pods/Target Support Files/Pods-RaiderIOTests/Pods-RaiderIOTests.release.xcconfig"; sourceTree = "<group>"; };
/* End PBXFileReference section */

/* Begin PBXFrameworksBuildPhase section */
		AC3F9F0721882CF200679F1F /* Frameworks */ = {
			isa = PBXFrameworksBuildPhase;
			buildActionMask = 2147483647;
			files = (
				F63EA491F1983092C9425DB9 /* libPods-RaiderIO.a in Frameworks */,
			);
			runOnlyForDeploymentPostprocessing = 0;
		};
		AC3F9F1F21882CF300679F1F /* Frameworks */ = {
			isa = PBXFrameworksBuildPhase;
			buildActionMask = 2147483647;
			files = (
				6BAA6731F5CB62E49726756C /* libPods-RaiderIOTests.a in Frameworks */,
			);
			runOnlyForDeploymentPostprocessing = 0;
		};
/* End PBXFrameworksBuildPhase section */

/* Begin PBXGroup section */
		65AC241815E12F401EC8F7BC /* Frameworks */ = {
			isa = PBXGroup;
			children = (
				B5A237742C56B459CE348C09 /* libPods-RaiderIO.a */,
				51280EB80594DB4C32C0ED27 /* libPods-RaiderIOTests.a */,
			);
			name = Frameworks;
			sourceTree = "<group>";
		};
		AC2EF197218D85DF00C92D37 /* Services */ = {
			isa = PBXGroup;
			children = (
				AC2EF198218D861000C92D37 /* RIOCharacterService.h */,
				AC2EF199218D861000C92D37 /* RIOCharacterService.m */,
				AC2EF19E218F589000C92D37 /* RIOCharacter.h */,
				AC2EF19D218F589000C92D37 /* RIOCharacter.m */,
				AC2EF19B218F589000C92D37 /* RIOGuild.h */,
				AC2EF19C218F589000C92D37 /* RIOGuild.m */,
			);
			path = Services;
			sourceTree = "<group>";
		};
		AC3F9F0121882CF200679F1F = {
			isa = PBXGroup;
			children = (
				AC3F9F0C21882CF200679F1F /* RaiderIO */,
				AC3F9F2521882CF300679F1F /* RaiderIOTests */,
				AC3F9F0B21882CF200679F1F /* Products */,
				C124595CA3A39DB951323515 /* Pods */,
				65AC241815E12F401EC8F7BC /* Frameworks */,
			);
			sourceTree = "<group>";
		};
		AC3F9F0B21882CF200679F1F /* Products */ = {
			isa = PBXGroup;
			children = (
				AC3F9F0A21882CF200679F1F /* RaiderIO.app */,
				AC3F9F2221882CF300679F1F /* RaiderIOTests.xctest */,
			);
			name = Products;
			sourceTree = "<group>";
		};
		AC3F9F0C21882CF200679F1F /* RaiderIO */ = {
			isa = PBXGroup;
			children = (
				AC2EF197218D85DF00C92D37 /* Services */,
				ACF60E8C218999EF00E30606 /* Utilities */,
				ACF60E85218998C300E30606 /* CharacterList */,
				AC3F9F0D21882CF200679F1F /* AppDelegate.h */,
				AC3F9F0E21882CF200679F1F /* AppDelegate.m */,
				AC3F9F1021882CF200679F1F /* RIORootViewController.h */,
				AC3F9F1121882CF200679F1F /* RIORootViewController.m */,
				AC3F9F1621882CF200679F1F /* Assets.xcassets */,
				AC3F9F1821882CF200679F1F /* LaunchScreen.storyboard */,
				AC3F9F1B21882CF200679F1F /* Info.plist */,
				AC3F9F1C21882CF300679F1F /* main.m */,
			);
			path = RaiderIO;
			sourceTree = "<group>";
		};
		AC3F9F2521882CF300679F1F /* RaiderIOTests */ = {
			isa = PBXGroup;
			children = (
				AC3F9F2621882CF300679F1F /* RaiderIOTests.m */,
				AC3F9F2821882CF300679F1F /* Info.plist */,
			);
			path = RaiderIOTests;
			sourceTree = "<group>";
		};
		ACF60E85218998C300E30606 /* CharacterList */ = {
			isa = PBXGroup;
			children = (
				ACF60E892189991400E30606 /* RIOCharacterListViewController.h */,
				ACF60E8A2189991400E30606 /* RIOCharacterListViewController.m */,
				ACA03C6921899F0000BAA882 /* RIOCharacterViewModel.h */,
				ACA03C6821899F0000BAA882 /* RIOCharacterViewModel.m */,
				ACA03C712189A2A900BAA882 /* RIOCharacterViewModel+Layout.h */,
				ACA03C722189A2A900BAA882 /* RIOCharacterViewModel+Layout.m */,
				ACA03C6B2189A11B00BAA882 /* RIOCharacterSectionController.h */,
				ACA03C6C2189A11B00BAA882 /* RIOCharacterSectionController.m */,
				ACA03C6E2189A21700BAA882 /* RIOCharacterCell.h */,
				ACA03C6F2189A21700BAA882 /* RIOCharacterCell.m */,
			);
			path = CharacterList;
			sourceTree = "<group>";
		};
		ACF60E8C218999EF00E30606 /* Utilities */ = {
			isa = PBXGroup;
			children = (
				ACF60E8D21899A0100E30606 /* RIOMacros.h */,
			);
			path = Utilities;
			sourceTree = "<group>";
		};
		C124595CA3A39DB951323515 /* Pods */ = {
			isa = PBXGroup;
			children = (
				69420C5540F7FE9028975975 /* Pods-RaiderIO.debug.xcconfig */,
				760A8336544DA1A4A5D09461 /* Pods-RaiderIO.release.xcconfig */,
				47FCA63E24B9E90751E9FE00 /* Pods-RaiderIOTests.debug.xcconfig */,
				D34BE2317550523E986A4AEB /* Pods-RaiderIOTests.release.xcconfig */,
			);
			name = Pods;
			sourceTree = "<group>";
		};
/* End PBXGroup section */

/* Begin PBXNativeTarget section */
		AC3F9F0921882CF200679F1F /* RaiderIO */ = {
			isa = PBXNativeTarget;
			buildConfigurationList = AC3F9F2B21882CF300679F1F /* Build configuration list for PBXNativeTarget "RaiderIO" */;
			buildPhases = (
				74267BA280C1D333E46C5542 /* [CP] Check Pods Manifest.lock */,
				AC3F9F0621882CF200679F1F /* Sources */,
				AC3F9F0721882CF200679F1F /* Frameworks */,
				AC3F9F0821882CF200679F1F /* Resources */,
			);
			buildRules = (
			);
			dependencies = (
			);
			name = RaiderIO;
			productName = RaiderIO;
			productReference = AC3F9F0A21882CF200679F1F /* RaiderIO.app */;
			productType = "com.apple.product-type.application";
		};
		AC3F9F2121882CF300679F1F /* RaiderIOTests */ = {
			isa = PBXNativeTarget;
			buildConfigurationList = AC3F9F2E21882CF300679F1F /* Build configuration list for PBXNativeTarget "RaiderIOTests" */;
			buildPhases = (
				0A0F8FCACEEFAFCBEAD972DE /* [CP] Check Pods Manifest.lock */,
				AC3F9F1E21882CF300679F1F /* Sources */,
				AC3F9F1F21882CF300679F1F /* Frameworks */,
				AC3F9F2021882CF300679F1F /* Resources */,
			);
			buildRules = (
			);
			dependencies = (
				AC3F9F2421882CF300679F1F /* PBXTargetDependency */,
			);
			name = RaiderIOTests;
			productName = RaiderIOTests;
			productReference = AC3F9F2221882CF300679F1F /* RaiderIOTests.xctest */;
			productType = "com.apple.product-type.bundle.unit-test";
		};
/* End PBXNativeTarget section */

/* Begin PBXProject section */
		AC3F9F0221882CF200679F1F /* Project object */ = {
			isa = PBXProject;
			attributes = {
				LastUpgradeCheck = 1000;
				ORGANIZATIONNAME = "Chris McGrath";
				TargetAttributes = {
					AC3F9F0921882CF200679F1F = {
						CreatedOnToolsVersion = 10.0;
					};
					AC3F9F2121882CF300679F1F = {
						CreatedOnToolsVersion = 10.0;
						TestTargetID = AC3F9F0921882CF200679F1F;
					};
				};
			};
			buildConfigurationList = AC3F9F0521882CF200679F1F /* Build configuration list for PBXProject "RaiderIO" */;
			compatibilityVersion = "Xcode 9.3";
			developmentRegion = en;
			hasScannedForEncodings = 0;
			knownRegions = (
				en,
				Base,
			);
			mainGroup = AC3F9F0121882CF200679F1F;
			productRefGroup = AC3F9F0B21882CF200679F1F /* Products */;
			projectDirPath = "";
			projectRoot = "";
			targets = (
				AC3F9F0921882CF200679F1F /* RaiderIO */,
				AC3F9F2121882CF300679F1F /* RaiderIOTests */,
			);
		};
/* End PBXProject section */

/* Begin PBXResourcesBuildPhase section */
		AC3F9F0821882CF200679F1F /* Resources */ = {
			isa = PBXResourcesBuildPhase;
			buildActionMask = 2147483647;
			files = (
				AC3F9F1A21882CF200679F1F /* LaunchScreen.storyboard in Resources */,
				AC3F9F1721882CF200679F1F /* Assets.xcassets in Resources */,
			);
			runOnlyForDeploymentPostprocessing = 0;
		};
		AC3F9F2021882CF300679F1F /* Resources */ = {
			isa = PBXResourcesBuildPhase;
			buildActionMask = 2147483647;
			files = (
			);
			runOnlyForDeploymentPostprocessing = 0;
		};
/* End PBXResourcesBuildPhase section */

/* Begin PBXShellScriptBuildPhase section */
		0A0F8FCACEEFAFCBEAD972DE /* [CP] Check Pods Manifest.lock */ = {
			isa = PBXShellScriptBuildPhase;
			buildActionMask = 2147483647;
			files = (
			);
			inputFileListPaths = (
			);
			inputPaths = (
				"${PODS_PODFILE_DIR_PATH}/Podfile.lock",
				"${PODS_ROOT}/Manifest.lock",
			);
			name = "[CP] Check Pods Manifest.lock";
			outputFileListPaths = (
			);
			outputPaths = (
				"$(DERIVED_FILE_DIR)/Pods-RaiderIOTests-checkManifestLockResult.txt",
			);
			runOnlyForDeploymentPostprocessing = 0;
			shellPath = /bin/sh;
			shellScript = "diff \"${PODS_PODFILE_DIR_PATH}/Podfile.lock\" \"${PODS_ROOT}/Manifest.lock\" > /dev/null\nif [ $? != 0 ] ; then\n    # print error to STDERR\n    echo \"error: The sandbox is not in sync with the Podfile.lock. Run 'pod install' or update your CocoaPods installation.\" >&2\n    exit 1\nfi\n# This output is used by Xcode 'outputs' to avoid re-running this script phase.\necho \"SUCCESS\" > \"${SCRIPT_OUTPUT_FILE_0}\"\n";
			showEnvVarsInLog = 0;
		};
		74267BA280C1D333E46C5542 /* [CP] Check Pods Manifest.lock */ = {
			isa = PBXShellScriptBuildPhase;
			buildActionMask = 2147483647;
			files = (
			);
			inputFileListPaths = (
			);
			inputPaths = (
				"${PODS_PODFILE_DIR_PATH}/Podfile.lock",
				"${PODS_ROOT}/Manifest.lock",
			);
			name = "[CP] Check Pods Manifest.lock";
			outputFileListPaths = (
			);
			outputPaths = (
				"$(DERIVED_FILE_DIR)/Pods-RaiderIO-checkManifestLockResult.txt",
			);
			runOnlyForDeploymentPostprocessing = 0;
			shellPath = /bin/sh;
			shellScript = "diff \"${PODS_PODFILE_DIR_PATH}/Podfile.lock\" \"${PODS_ROOT}/Manifest.lock\" > /dev/null\nif [ $? != 0 ] ; then\n    # print error to STDERR\n    echo \"error: The sandbox is not in sync with the Podfile.lock. Run 'pod install' or update your CocoaPods installation.\" >&2\n    exit 1\nfi\n# This output is used by Xcode 'outputs' to avoid re-running this script phase.\necho \"SUCCESS\" > \"${SCRIPT_OUTPUT_FILE_0}\"\n";
			showEnvVarsInLog = 0;
		};
/* End PBXShellScriptBuildPhase section */

/* Begin PBXSourcesBuildPhase section */
		AC3F9F0621882CF200679F1F /* Sources */ = {
			isa = PBXSourcesBuildPhase;
			buildActionMask = 2147483647;
			files = (
				AC3F9F1221882CF200679F1F /* RIORootViewController.m in Sources */,
				AC3F9F1D21882CF300679F1F /* main.m in Sources */,
				ACA03C6D2189A11B00BAA882 /* RIOCharacterSectionController.m in Sources */,
				ACA03C6A21899F0000BAA882 /* RIOCharacterViewModel.m in Sources */,
				ACF60E8B2189991400E30606 /* RIOCharacterListViewController.m in Sources */,
				ACA03C732189A2A900BAA882 /* RIOCharacterViewModel+Layout.m in Sources */,
				ACA03C702189A21700BAA882 /* RIOCharacterCell.m in Sources */,
				AC3F9F0F21882CF200679F1F /* AppDelegate.m in Sources */,
				AC2EF19F218F589100C92D37 /* RIOGuild.m in Sources */,
				AC2EF1A0218F589100C92D37 /* RIOCharacter.m in Sources */,
				AC2EF19A218D861000C92D37 /* RIOCharacterService.m in Sources */,
			);
			runOnlyForDeploymentPostprocessing = 0;
		};
		AC3F9F1E21882CF300679F1F /* Sources */ = {
			isa = PBXSourcesBuildPhase;
			buildActionMask = 2147483647;
			files = (
				AC3F9F2721882CF300679F1F /* RaiderIOTests.m in Sources */,
			);
			runOnlyForDeploymentPostprocessing = 0;
		};
/* End PBXSourcesBuildPhase section */

/* Begin PBXTargetDependency section */
		AC3F9F2421882CF300679F1F /* PBXTargetDependency */ = {
			isa = PBXTargetDependency;
			target = AC3F9F0921882CF200679F1F /* RaiderIO */;
			targetProxy = AC3F9F2321882CF300679F1F /* PBXContainerItemProxy */;
		};
/* End PBXTargetDependency section */

/* Begin PBXVariantGroup section */
		AC3F9F1821882CF200679F1F /* LaunchScreen.storyboard */ = {
			isa = PBXVariantGroup;
			children = (
				AC3F9F1921882CF200679F1F /* Base */,
			);
			name = LaunchScreen.storyboard;
			sourceTree = "<group>";
		};
/* End PBXVariantGroup section */

/* Begin XCBuildConfiguration section */
		AC3F9F2921882CF300679F1F /* Debug */ = {
			isa = XCBuildConfiguration;
			buildSettings = {
				ALWAYS_SEARCH_USER_PATHS = NO;
				CLANG_ANALYZER_NONNULL = YES;
				CLANG_ANALYZER_NUMBER_OBJECT_CONVERSION = YES_AGGRESSIVE;
				CLANG_CXX_LANGUAGE_STANDARD = "gnu++14";
				CLANG_CXX_LIBRARY = "libc++";
				CLANG_ENABLE_MODULES = YES;
				CLANG_ENABLE_OBJC_ARC = YES;
				CLANG_ENABLE_OBJC_WEAK = YES;
				CLANG_WARN_BLOCK_CAPTURE_AUTORELEASING = YES;
				CLANG_WARN_BOOL_CONVERSION = YES;
				CLANG_WARN_COMMA = YES;
				CLANG_WARN_CONSTANT_CONVERSION = YES;
				CLANG_WARN_DEPRECATED_OBJC_IMPLEMENTATIONS = YES;
				CLANG_WARN_DIRECT_OBJC_ISA_USAGE = YES_ERROR;
				CLANG_WARN_DOCUMENTATION_COMMENTS = YES;
				CLANG_WARN_EMPTY_BODY = YES;
				CLANG_WARN_ENUM_CONVERSION = YES;
				CLANG_WARN_INFINITE_RECURSION = YES;
				CLANG_WARN_INT_CONVERSION = YES;
				CLANG_WARN_NON_LITERAL_NULL_CONVERSION = YES;
				CLANG_WARN_OBJC_IMPLICIT_RETAIN_SELF = YES;
				CLANG_WARN_OBJC_LITERAL_CONVERSION = YES;
				CLANG_WARN_OBJC_ROOT_CLASS = YES_ERROR;
				CLANG_WARN_RANGE_LOOP_ANALYSIS = YES;
				CLANG_WARN_STRICT_PROTOTYPES = YES;
				CLANG_WARN_SUSPICIOUS_MOVE = YES;
				CLANG_WARN_UNGUARDED_AVAILABILITY = YES_AGGRESSIVE;
				CLANG_WARN_UNREACHABLE_CODE = YES;
				CLANG_WARN__DUPLICATE_METHOD_MATCH = YES;
				CODE_SIGN_IDENTITY = "iPhone Developer";
				COPY_PHASE_STRIP = NO;
				DEBUG_INFORMATION_FORMAT = dwarf;
				ENABLE_STRICT_OBJC_MSGSEND = YES;
				ENABLE_TESTABILITY = YES;
				GCC_C_LANGUAGE_STANDARD = gnu11;
				GCC_DYNAMIC_NO_PIC = NO;
				GCC_NO_COMMON_BLOCKS = YES;
				GCC_OPTIMIZATION_LEVEL = 0;
				GCC_PREPROCESSOR_DEFINITIONS = (
					"DEBUG=1",
					"$(inherited)",
				);
				GCC_WARN_64_TO_32_BIT_CONVERSION = YES;
				GCC_WARN_ABOUT_RETURN_TYPE = YES_ERROR;
				GCC_WARN_UNDECLARED_SELECTOR = YES;
				GCC_WARN_UNINITIALIZED_AUTOS = YES_AGGRESSIVE;
				GCC_WARN_UNUSED_FUNCTION = YES;
				GCC_WARN_UNUSED_VARIABLE = YES;
				IPHONEOS_DEPLOYMENT_TARGET = 12.0;
				MTL_ENABLE_DEBUG_INFO = INCLUDE_SOURCE;
				MTL_FAST_MATH = YES;
				ONLY_ACTIVE_ARCH = YES;
				SDKROOT = iphoneos;
			};
			name = Debug;
		};
		AC3F9F2A21882CF300679F1F /* Release */ = {
			isa = XCBuildConfiguration;
			buildSettings = {
				ALWAYS_SEARCH_USER_PATHS = NO;
				CLANG_ANALYZER_NONNULL = YES;
				CLANG_ANALYZER_NUMBER_OBJECT_CONVERSION = YES_AGGRESSIVE;
				CLANG_CXX_LANGUAGE_STANDARD = "gnu++14";
				CLANG_CXX_LIBRARY = "libc++";
				CLANG_ENABLE_MODULES = YES;
				CLANG_ENABLE_OBJC_ARC = YES;
				CLANG_ENABLE_OBJC_WEAK = YES;
				CLANG_WARN_BLOCK_CAPTURE_AUTORELEASING = YES;
				CLANG_WARN_BOOL_CONVERSION = YES;
				CLANG_WARN_COMMA = YES;
				CLANG_WARN_CONSTANT_CONVERSION = YES;
				CLANG_WARN_DEPRECATED_OBJC_IMPLEMENTATIONS = YES;
				CLANG_WARN_DIRECT_OBJC_ISA_USAGE = YES_ERROR;
				CLANG_WARN_DOCUMENTATION_COMMENTS = YES;
				CLANG_WARN_EMPTY_BODY = YES;
				CLANG_WARN_ENUM_CONVERSION = YES;
				CLANG_WARN_INFINITE_RECURSION = YES;
				CLANG_WARN_INT_CONVERSION = YES;
				CLANG_WARN_NON_LITERAL_NULL_CONVERSION = YES;
				CLANG_WARN_OBJC_IMPLICIT_RETAIN_SELF = YES;
				CLANG_WARN_OBJC_LITERAL_CONVERSION = YES;
				CLANG_WARN_OBJC_ROOT_CLASS = YES_ERROR;
				CLANG_WARN_RANGE_LOOP_ANALYSIS = YES;
				CLANG_WARN_STRICT_PROTOTYPES = YES;
				CLANG_WARN_SUSPICIOUS_MOVE = YES;
				CLANG_WARN_UNGUARDED_AVAILABILITY = YES_AGGRESSIVE;
				CLANG_WARN_UNREACHABLE_CODE = YES;
				CLANG_WARN__DUPLICATE_METHOD_MATCH = YES;
				CODE_SIGN_IDENTITY = "iPhone Developer";
				COPY_PHASE_STRIP = NO;
				DEBUG_INFORMATION_FORMAT = "dwarf-with-dsym";
				ENABLE_NS_ASSERTIONS = NO;
				ENABLE_STRICT_OBJC_MSGSEND = YES;
				GCC_C_LANGUAGE_STANDARD = gnu11;
				GCC_NO_COMMON_BLOCKS = YES;
				GCC_WARN_64_TO_32_BIT_CONVERSION = YES;
				GCC_WARN_ABOUT_RETURN_TYPE = YES_ERROR;
				GCC_WARN_UNDECLARED_SELECTOR = YES;
				GCC_WARN_UNINITIALIZED_AUTOS = YES_AGGRESSIVE;
				GCC_WARN_UNUSED_FUNCTION = YES;
				GCC_WARN_UNUSED_VARIABLE = YES;
				IPHONEOS_DEPLOYMENT_TARGET = 12.0;
				MTL_ENABLE_DEBUG_INFO = NO;
				MTL_FAST_MATH = YES;
				SDKROOT = iphoneos;
				VALIDATE_PRODUCT = YES;
			};
			name = Release;
		};
		AC3F9F2C21882CF300679F1F /* Debug */ = {
			isa = XCBuildConfiguration;
			baseConfigurationReference = 69420C5540F7FE9028975975 /* Pods-RaiderIO.debug.xcconfig */;
			buildSettings = {
				ASSETCATALOG_COMPILER_APPICON_NAME = AppIcon;
				CODE_SIGN_STYLE = Automatic;
				INFOPLIST_FILE = RaiderIO/Info.plist;
				LD_RUNPATH_SEARCH_PATHS = (
					"$(inherited)",
					"@executable_path/Frameworks",
				);
				PRODUCT_BUNDLE_IDENTIFIER = io.github.chritto.RaiderIO;
				PRODUCT_NAME = "$(TARGET_NAME)";
				TARGETED_DEVICE_FAMILY = "1,2";
			};
			name = Debug;
		};
		AC3F9F2D21882CF300679F1F /* Release */ = {
			isa = XCBuildConfiguration;
			baseConfigurationReference = 760A8336544DA1A4A5D09461 /* Pods-RaiderIO.release.xcconfig */;
			buildSettings = {
				ASSETCATALOG_COMPILER_APPICON_NAME = AppIcon;
				CODE_SIGN_STYLE = Automatic;
				INFOPLIST_FILE = RaiderIO/Info.plist;
				LD_RUNPATH_SEARCH_PATHS = (
					"$(inherited)",
					"@executable_path/Frameworks",
				);
				PRODUCT_BUNDLE_IDENTIFIER = io.github.chritto.RaiderIO;
				PRODUCT_NAME = "$(TARGET_NAME)";
				TARGETED_DEVICE_FAMILY = "1,2";
			};
			name = Release;
		};
		AC3F9F2F21882CF300679F1F /* Debug */ = {
			isa = XCBuildConfiguration;
			baseConfigurationReference = 47FCA63E24B9E90751E9FE00 /* Pods-RaiderIOTests.debug.xcconfig */;
			buildSettings = {
				BUNDLE_LOADER = "$(TEST_HOST)";
				CODE_SIGN_STYLE = Automatic;
				INFOPLIST_FILE = RaiderIOTests/Info.plist;
				LD_RUNPATH_SEARCH_PATHS = (
					"$(inherited)",
					"@executable_path/Frameworks",
					"@loader_path/Frameworks",
				);
				PRODUCT_BUNDLE_IDENTIFIER = io.github.chritto.RaiderIOTests;
				PRODUCT_NAME = "$(TARGET_NAME)";
				TARGETED_DEVICE_FAMILY = "1,2";
				TEST_HOST = "$(BUILT_PRODUCTS_DIR)/RaiderIO.app/RaiderIO";
			};
			name = Debug;
		};
		AC3F9F3021882CF300679F1F /* Release */ = {
			isa = XCBuildConfiguration;
			baseConfigurationReference = D34BE2317550523E986A4AEB /* Pods-RaiderIOTests.release.xcconfig */;
			buildSettings = {
				BUNDLE_LOADER = "$(TEST_HOST)";
				CODE_SIGN_STYLE = Automatic;
				INFOPLIST_FILE = RaiderIOTests/Info.plist;
				LD_RUNPATH_SEARCH_PATHS = (
					"$(inherited)",
					"@executable_path/Frameworks",
					"@loader_path/Frameworks",
				);
				PRODUCT_BUNDLE_IDENTIFIER = io.github.chritto.RaiderIOTests;
				PRODUCT_NAME = "$(TARGET_NAME)";
				TARGETED_DEVICE_FAMILY = "1,2";
				TEST_HOST = "$(BUILT_PRODUCTS_DIR)/RaiderIO.app/RaiderIO";
			};
			name = Release;
		};
/* End XCBuildConfiguration section */

/* Begin XCConfigurationList section */
		AC3F9F0521882CF200679F1F /* Build configuration list for PBXProject "RaiderIO" */ = {
			isa = XCConfigurationList;
			buildConfigurations = (
				AC3F9F2921882CF300679F1F /* Debug */,
				AC3F9F2A21882CF300679F1F /* Release */,
			);
			defaultConfigurationIsVisible = 0;
			defaultConfigurationName = Release;
		};
		AC3F9F2B21882CF300679F1F /* Build configuration list for PBXNativeTarget "RaiderIO" */ = {
			isa = XCConfigurationList;
			buildConfigurations = (
				AC3F9F2C21882CF300679F1F /* Debug */,
				AC3F9F2D21882CF300679F1F /* Release */,
			);
			defaultConfigurationIsVisible = 0;
			defaultConfigurationName = Release;
		};
		AC3F9F2E21882CF300679F1F /* Build configuration list for PBXNativeTarget "RaiderIOTests" */ = {
			isa = XCConfigurationList;
			buildConfigurations = (
				AC3F9F2F21882CF300679F1F /* Debug */,
				AC3F9F3021882CF300679F1F /* Release */,
			);
			defaultConfigurationIsVisible = 0;
			defaultConfigurationName = Release;
		};
/* End XCConfigurationList section */
	};
	rootObject = AC3F9F0221882CF200679F1F /* Project object */;
}
